{
  "requires": true,
  "lockfileVersion": 1,
  "dependencies": {
    "@babel/helper-builder-react-jsx": {
      "version": "7.8.0",
      "resolved": "https://registry.npmjs.org/@babel/helper-builder-react-jsx/-/helper-builder-react-jsx-7.8.0.tgz",
      "integrity": "sha512-Zg7VLtZzcAHoQ13S0pEIGKo8OAG3s5kjsk/4keGmUeNuc810T9fVp6izIaL8ZVeAErRFWJdvqFItY3QMTHMsSg==",
      "dev": true,
      "requires": {
        "@babel/types": "^7.8.0",
        "esutils": "^2.0.0"
      }
    },
    "@babel/helper-plugin-utils": {
      "version": "7.8.0",
      "resolved": "https://registry.npmjs.org/@babel/helper-plugin-utils/-/helper-plugin-utils-7.8.0.tgz",
      "integrity": "sha512-+hAlRGdf8fHQAyNnDBqTHQhwdLURLdrCROoWaEQYiQhk2sV9Rhs+GoFZZfMJExTq9HG8o2NX3uN2G90bFtmFdA==",
      "dev": true
    },
    "@babel/plugin-syntax-jsx": {
      "version": "7.8.0",
      "resolved": "https://registry.npmjs.org/@babel/plugin-syntax-jsx/-/plugin-syntax-jsx-7.8.0.tgz",
      "integrity": "sha512-zLDUckAuKeOtxJhfNE0TlR7iEApb2u7EYRlh5cxKzq6A5VzUbYEdyJGJlug41jDbjRbHTtsLKZUnUcy/8V3xZw==",
      "dev": true,
      "requires": {
        "@babel/helper-plugin-utils": "^7.8.0"
      }
    },
    "@babel/plugin-transform-react-display-name": {
      "version": "7.8.0",
      "resolved": "https://registry.npmjs.org/@babel/plugin-transform-react-display-name/-/plugin-transform-react-display-name-7.8.0.tgz",
      "integrity": "sha512-oozdOhU2hZ6Tb9LS9BceGqDSmiUrlZX8lmRqnxQuiGzqWlhflIRQ1oFBHdV+hv+Zi9e5BhRkfSYtMLRLEkuOVA==",
      "dev": true,
      "requires": {
        "@babel/helper-plugin-utils": "^7.8.0"
      }
    },
    "@babel/plugin-transform-react-jsx": {
      "version": "7.8.0",
      "resolved": "https://registry.npmjs.org/@babel/plugin-transform-react-jsx/-/plugin-transform-react-jsx-7.8.0.tgz",
      "integrity": "sha512-r5DgP2ZblaGmW/azRS9rlaf3oY4r/ByXRDA5Lcr3iHUkx3cCfL9RM10gU7AQmzwKymoq8LZ55sHyq9VeQFHwyQ==",
      "dev": true,
      "requires": {
        "@babel/helper-builder-react-jsx": "^7.8.0",
        "@babel/helper-plugin-utils": "^7.8.0",
        "@babel/plugin-syntax-jsx": "^7.8.0"
      }
    },
    "@babel/plugin-transform-react-jsx-self": {
      "version": "7.8.0",
      "resolved": "https://registry.npmjs.org/@babel/plugin-transform-react-jsx-self/-/plugin-transform-react-jsx-self-7.8.0.tgz",
      "integrity": "sha512-hJXfJdLDDlJoxW/rAjkuIpGUUTizQ6fN9tIciW1M8KIqFsmpEf9psBPNTXYRCOLYLEsra+/WgVq+sc+1z05nQw==",
      "dev": true,
      "requires": {
        "@babel/helper-plugin-utils": "^7.8.0",
        "@babel/plugin-syntax-jsx": "^7.8.0"
      }
    },
    "@babel/plugin-transform-react-jsx-source": {
      "version": "7.8.0",
      "resolved": "https://registry.npmjs.org/@babel/plugin-transform-react-jsx-source/-/plugin-transform-react-jsx-source-7.8.0.tgz",
      "integrity": "sha512-W+0VXOhMRdUTL7brjKXND+BiXbsxczfMdZongQ/Jtti0JVMtcTxWo66NMxNNtbPYvbc4aUXmgjl3eMms41sYtg==",
      "dev": true,
      "requires": {
        "@babel/helper-plugin-utils": "^7.8.0",
        "@babel/plugin-syntax-jsx": "^7.8.0"
      }
    },
    "@babel/preset-react": {
      "version": "7.8.0",
      "resolved": "https://registry.npmjs.org/@babel/preset-react/-/preset-react-7.8.0.tgz",
      "integrity": "sha512-GP9t18RjtH67ea3DA2k71VqtMnTOupYJx34Z+KUEBRoRxvdETaucmtMWH5uoGHWzAD4qxbuV5ckxpewm39NXkA==",
      "dev": true,
      "requires": {
        "@babel/helper-plugin-utils": "^7.8.0",
        "@babel/plugin-transform-react-display-name": "^7.8.0",
        "@babel/plugin-transform-react-jsx": "^7.8.0",
        "@babel/plugin-transform-react-jsx-self": "^7.8.0",
        "@babel/plugin-transform-react-jsx-source": "^7.8.0"
      }
    },
    "@babel/types": {
      "version": "7.8.0",
      "resolved": "https://registry.npmjs.org/@babel/types/-/types-7.8.0.tgz",
      "integrity": "sha512-1RF84ehyx9HH09dMMwGWl3UTWlVoCPtqqJPjGuC4JzMe1ZIVDJ2DT8mv3cPv/A7veLD6sgR7vi95lJqm+ZayIg==",
      "dev": true,
      "requires": {
        "esutils": "^2.0.2",
        "lodash": "^4.17.13",
        "to-fast-properties": "^2.0.0"
      }
    },
    "esutils": {
      "version": "2.0.3",
      "resolved": "https://registry.npmjs.org/esutils/-/esutils-2.0.3.tgz",
      "integrity": "sha512-kVscqXk4OCp68SZ0dkgEKVi6/8ij300KBWTJq32P/dYeWTSwK41WyTxalN1eRmA5Z9UU/LX9D7FWSmV9SAYx6g==",
      "dev": true
    },
    "lodash": {
      "version": "4.17.15",
      "resolved": "https://registry.npmjs.org/lodash/-/lodash-4.17.15.tgz",
      "integrity": "sha512-8xOcRHvCjnocdS5cpwXQXVzmmh5e5+saE2QGoeQmbKmRS6J3VQppPOIt0MnmE+4xlZoumy0GPG0D0MVIQbNA1A==",
      "dev": true
    },
    "to-fast-properties": {
      "version": "2.0.0",
      "resolved": "https://registry.npmjs.org/to-fast-properties/-/to-fast-properties-2.0.0.tgz",
      "integrity": "sha1-3F5pjL0HkmW8c+A3doGk5Og/YW4=",
      "dev": true
    }
  }
}
